// !$*UTF8*$!
{
	archiveVersion = 1;
	classes = {
	};
	objectVersion = 55;
	objects = {

/* Begin PBXBuildFile section */
		2D75514A28BD246700542D0A /* AppDelegate.swift in Sources */ = {isa = PBXBuildFile; fileRef = 2D75514928BD246700542D0A /* AppDelegate.swift */; };
		2D75514C28BD246700542D0A /* SceneDelegate.swift in Sources */ = {isa = PBXBuildFile; fileRef = 2D75514B28BD246700542D0A /* SceneDelegate.swift */; };
		2D75515128BD246700542D0A /* Main.storyboard in Resources */ = {isa = PBXBuildFile; fileRef = 2D75514F28BD246700542D0A /* Main.storyboard */; };
		2D75515328BD246800542D0A /* Assets.xcassets in Resources */ = {isa = PBXBuildFile; fileRef = 2D75515228BD246800542D0A /* Assets.xcassets */; };
		2D75515628BD246800542D0A /* LaunchScreen.storyboard in Resources */ = {isa = PBXBuildFile; fileRef = 2D75515428BD246800542D0A /* LaunchScreen.storyboard */; };
		2DB7A9AC28C13091007BEEBC /* DetailUserVC.swift in Sources */ = {isa = PBXBuildFile; fileRef = 2DB7A9AB28C13091007BEEBC /* DetailUserVC.swift */; };
		2DB7A9AE28C13680007BEEBC /* PostsAndComments.storyboard in Resources */ = {isa = PBXBuildFile; fileRef = 2DB7A9AD28C13680007BEEBC /* PostsAndComments.storyboard */; };
		2DB7A9B128C1375B007BEEBC /* PostsTVC.swift in Sources */ = {isa = PBXBuildFile; fileRef = 2DB7A9B028C1375B007BEEBC /* PostsTVC.swift */; };
		2DB7A9B528C1390B007BEEBC /* ApiConstants.swift in Sources */ = {isa = PBXBuildFile; fileRef = 2DB7A9B428C1390B007BEEBC /* ApiConstants.swift */; };
		2DBF35D928BD27EC009324CD /* ActionsCollectionVC.swift in Sources */ = {isa = PBXBuildFile; fileRef = 2DBF35D828BD27EC009324CD /* ActionsCollectionVC.swift */; };
		2DBF35DB28BD2821009324CD /* ActionCollectionViewCell.swift in Sources */ = {isa = PBXBuildFile; fileRef = 2DBF35DA28BD2821009324CD /* ActionCollectionViewCell.swift */; };
		2DBF35DF28BD2C9A009324CD /* ImageVC.swift in Sources */ = {isa = PBXBuildFile; fileRef = 2DBF35DE28BD2C9A009324CD /* ImageVC.swift */; };
		2DBF35E228BD3E93009324CD /* UsersTVC.swift in Sources */ = {isa = PBXBuildFile; fileRef = 2DBF35E128BD3E93009324CD /* UsersTVC.swift */; };
		2DBF35E428BD415A009324CD /* Models.swift in Sources */ = {isa = PBXBuildFile; fileRef = 2DBF35E328BD415A009324CD /* Models.swift */; };
		2DE34BB428C65CC40046C0A1 /* Alamofire in Frameworks */ = {isa = PBXBuildFile; productRef = 2DE34BB328C65CC40046C0A1 /* Alamofire */; };
		2DE34BB728C65CFB0046C0A1 /* AlamofireImage in Frameworks */ = {isa = PBXBuildFile; productRef = 2DE34BB628C65CFB0046C0A1 /* AlamofireImage */; };
		2DE34BBA28C65F4C0046C0A1 /* CommentsTVC.swift in Sources */ = {isa = PBXBuildFile; fileRef = 2DE34BB928C65F4C0046C0A1 /* CommentsTVC.swift */; };
		2DE34BBC28C663350046C0A1 /* NewPostVC.swift in Sources */ = {isa = PBXBuildFile; fileRef = 2DE34BBB28C663350046C0A1 /* NewPostVC.swift */; };
		2DE34BBE28C66C800046C0A1 /* NetworkService.swift in Sources */ = {isa = PBXBuildFile; fileRef = 2DE34BBD28C66C800046C0A1 /* NetworkService.swift */; };
		2DE34BC328C6772B0046C0A1 /* AlbomsAndFotos.storyboard in Resources */ = {isa = PBXBuildFile; fileRef = 2DE34BC228C6772B0046C0A1 /* AlbomsAndFotos.storyboard */; };
		2DE34BC528C6788D0046C0A1 /* AlbomsTVC.swift in Sources */ = {isa = PBXBuildFile; fileRef = 2DE34BC428C6788D0046C0A1 /* AlbomsTVC.swift */; };
		2DE34BC728C678A80046C0A1 /* PhotosCVC.swift in Sources */ = {isa = PBXBuildFile; fileRef = 2DE34BC628C678A80046C0A1 /* PhotosCVC.swift */; };
		2DE34BC928C678BE0046C0A1 /* PhotoVC.swift in Sources */ = {isa = PBXBuildFile; fileRef = 2DE34BC828C678BE0046C0A1 /* PhotoVC.swift */; };
		2DE34BCB28C67D400046C0A1 /* PhotoCollectionViewCell.swift in Sources */ = {isa = PBXBuildFile; fileRef = 2DE34BCA28C67D400046C0A1 /* PhotoCollectionViewCell.swift */; };
		2DE34BCE28C67F600046C0A1 /* CacheManager.swift in Sources */ = {isa = PBXBuildFile; fileRef = 2DE34BCD28C67F600046C0A1 /* CacheManager.swift */; };
		FD9B2D55CD36AE828897FC6C /* Pods_NetworkAPICW.framework in Frameworks */ = {isa = PBXBuildFile; fileRef = 677EE3243CABF09DB023D9F4 /* Pods_NetworkAPICW.framework */; };
/* End PBXBuildFile section */

/* Begin PBXFileReference section */
		2D75514628BD246700542D0A /* NetworkAPICW.app */ = {isa = PBXFileReference; explicitFileType = wrapper.application; includeInIndex = 0; path = NetworkAPICW.app; sourceTree = BUILT_PRODUCTS_DIR; };
		2D75514928BD246700542D0A /* AppDelegate.swift */ = {isa = PBXFileReference; lastKnownFileType = sourcecode.swift; path = AppDelegate.swift; sourceTree = "<group>"; };
		2D75514B28BD246700542D0A /* SceneDelegate.swift */ = {isa = PBXFileReference; lastKnownFileType = sourcecode.swift; path = SceneDelegate.swift; sourceTree = "<group>"; };
		2D75515028BD246700542D0A /* Base */ = {isa = PBXFileReference; lastKnownFileType = file.storyboard; name = Base; path = Base.lproj/Main.storyboard; sourceTree = "<group>"; };
		2D75515228BD246800542D0A /* Assets.xcassets */ = {isa = PBXFileReference; lastKnownFileType = folder.assetcatalog; path = Assets.xcassets; sourceTree = "<group>"; };
		2D75515528BD246800542D0A /* Base */ = {isa = PBXFileReference; lastKnownFileType = file.storyboard; name = Base; path = Base.lproj/LaunchScreen.storyboard; sourceTree = "<group>"; };
		2D75515728BD246800542D0A /* Info.plist */ = {isa = PBXFileReference; lastKnownFileType = text.plist.xml; path = Info.plist; sourceTree = "<group>"; };
		2DB7A9AB28C13091007BEEBC /* DetailUserVC.swift */ = {isa = PBXFileReference; lastKnownFileType = sourcecode.swift; path = DetailUserVC.swift; sourceTree = "<group>"; };
		2DB7A9AD28C13680007BEEBC /* PostsAndComments.storyboard */ = {isa = PBXFileReference; lastKnownFileType = file.storyboard; path = PostsAndComments.storyboard; sourceTree = "<group>"; };
		2DB7A9B028C1375B007BEEBC /* PostsTVC.swift */ = {isa = PBXFileReference; lastKnownFileType = sourcecode.swift; path = PostsTVC.swift; sourceTree = "<group>"; };
		2DB7A9B428C1390B007BEEBC /* ApiConstants.swift */ = {isa = PBXFileReference; lastKnownFileType = sourcecode.swift; path = ApiConstants.swift; sourceTree = "<group>"; };
		2DBF35D828BD27EC009324CD /* ActionsCollectionVC.swift */ = {isa = PBXFileReference; lastKnownFileType = sourcecode.swift; path = ActionsCollectionVC.swift; sourceTree = "<group>"; };
		2DBF35DA28BD2821009324CD /* ActionCollectionViewCell.swift */ = {isa = PBXFileReference; lastKnownFileType = sourcecode.swift; path = ActionCollectionViewCell.swift; sourceTree = "<group>"; };
		2DBF35DE28BD2C9A009324CD /* ImageVC.swift */ = {isa = PBXFileReference; lastKnownFileType = sourcecode.swift; path = ImageVC.swift; sourceTree = "<group>"; };
		2DBF35E128BD3E93009324CD /* UsersTVC.swift */ = {isa = PBXFileReference; lastKnownFileType = sourcecode.swift; path = UsersTVC.swift; sourceTree = "<group>"; };
		2DBF35E328BD415A009324CD /* Models.swift */ = {isa = PBXFileReference; lastKnownFileType = sourcecode.swift; path = Models.swift; sourceTree = "<group>"; };
		2DE34BB928C65F4C0046C0A1 /* CommentsTVC.swift */ = {isa = PBXFileReference; lastKnownFileType = sourcecode.swift; path = CommentsTVC.swift; sourceTree = "<group>"; };
		2DE34BBB28C663350046C0A1 /* NewPostVC.swift */ = {isa = PBXFileReference; lastKnownFileType = sourcecode.swift; path = NewPostVC.swift; sourceTree = "<group>"; };
		2DE34BBD28C66C800046C0A1 /* NetworkService.swift */ = {isa = PBXFileReference; lastKnownFileType = sourcecode.swift; path = NetworkService.swift; sourceTree = "<group>"; };
		2DE34BC228C6772B0046C0A1 /* AlbomsAndFotos.storyboard */ = {isa = PBXFileReference; lastKnownFileType = file.storyboard; path = AlbomsAndFotos.storyboard; sourceTree = "<group>"; };
		2DE34BC428C6788D0046C0A1 /* AlbomsTVC.swift */ = {isa = PBXFileReference; lastKnownFileType = sourcecode.swift; path = AlbomsTVC.swift; sourceTree = "<group>"; };
		2DE34BC628C678A80046C0A1 /* PhotosCVC.swift */ = {isa = PBXFileReference; lastKnownFileType = sourcecode.swift; path = PhotosCVC.swift; sourceTree = "<group>"; };
		2DE34BC828C678BE0046C0A1 /* PhotoVC.swift */ = {isa = PBXFileReference; lastKnownFileType = sourcecode.swift; path = PhotoVC.swift; sourceTree = "<group>"; };
		2DE34BCA28C67D400046C0A1 /* PhotoCollectionViewCell.swift */ = {isa = PBXFileReference; lastKnownFileType = sourcecode.swift; path = PhotoCollectionViewCell.swift; sourceTree = "<group>"; };
		2DE34BCD28C67F600046C0A1 /* CacheManager.swift */ = {isa = PBXFileReference; lastKnownFileType = sourcecode.swift; path = CacheManager.swift; sourceTree = "<group>"; };
		677EE3243CABF09DB023D9F4 /* Pods_NetworkAPICW.framework */ = {isa = PBXFileReference; explicitFileType = wrapper.framework; includeInIndex = 0; path = Pods_NetworkAPICW.framework; sourceTree = BUILT_PRODUCTS_DIR; };
		80EFB76B550DB57E9DC92CC1 /* Pods-NetworkAPICW.debug.xcconfig */ = {isa = PBXFileReference; includeInIndex = 1; lastKnownFileType = text.xcconfig; name = "Pods-NetworkAPICW.debug.xcconfig"; path = "Target Support Files/Pods-NetworkAPICW/Pods-NetworkAPICW.debug.xcconfig"; sourceTree = "<group>"; };
		F216953A650FFBF39940EA27 /* Pods-NetworkAPICW.release.xcconfig */ = {isa = PBXFileReference; includeInIndex = 1; lastKnownFileType = text.xcconfig; name = "Pods-NetworkAPICW.release.xcconfig"; path = "Target Support Files/Pods-NetworkAPICW/Pods-NetworkAPICW.release.xcconfig"; sourceTree = "<group>"; };
/* End PBXFileReference section */

/* Begin PBXFrameworksBuildPhase section */
		2D75514328BD246700542D0A /* Frameworks */ = {
			isa = PBXFrameworksBuildPhase;
			buildActionMask = 2147483647;
			files = (
				FD9B2D55CD36AE828897FC6C /* Pods_NetworkAPICW.framework in Frameworks */,
				2DE34BB428C65CC40046C0A1 /* Alamofire in Frameworks */,
				2DE34BB728C65CFB0046C0A1 /* AlamofireImage in Frameworks */,
			);
			runOnlyForDeploymentPostprocessing = 0;
		};
/* End PBXFrameworksBuildPhase section */

/* Begin PBXGroup section */
		2D75513D28BD246700542D0A = {
			isa = PBXGroup;
			children = (
				2D75514828BD246700542D0A /* NetworkAPICW */,
				2D75514728BD246700542D0A /* Products */,
				91A4C71311665F591DBCCF12 /* Pods */,
				EFDD364E9A86B9246DFA1CE3 /* Frameworks */,
			);
			sourceTree = "<group>";
		};
		2D75514728BD246700542D0A /* Products */ = {
			isa = PBXGroup;
			children = (
				2D75514628BD246700542D0A /* NetworkAPICW.app */,
			);
			name = Products;
			sourceTree = "<group>";
		};
		2D75514828BD246700542D0A /* NetworkAPICW */ = {
			isa = PBXGroup;
			children = (
				2DE34BCC28C67F4F0046C0A1 /* Managers */,
				2DB7A9B228C138F8007BEEBC /* API */,
				2D75516228BD24B700542D0A /* Models */,
				2D75516128BD24B000542D0A /* Controllers */,
				2D75516028BD24A800542D0A /* Views */,
				2D75515228BD246800542D0A /* Assets.xcassets */,
				2D75515428BD246800542D0A /* LaunchScreen.storyboard */,
				2D75515F28BD249400542D0A /* AppDelagates */,
				2D75515728BD246800542D0A /* Info.plist */,
			);
			path = NetworkAPICW;
			sourceTree = "<group>";
		};
		2D75515F28BD249400542D0A /* AppDelagates */ = {
			isa = PBXGroup;
			children = (
				2D75514928BD246700542D0A /* AppDelegate.swift */,
				2D75514B28BD246700542D0A /* SceneDelegate.swift */,
			);
			path = AppDelagates;
			sourceTree = "<group>";
		};
		2D75516028BD24A800542D0A /* Views */ = {
			isa = PBXGroup;
			children = (
				2D75514F28BD246700542D0A /* Main.storyboard */,
				2DB7A9AD28C13680007BEEBC /* PostsAndComments.storyboard */,
				2DE34BC228C6772B0046C0A1 /* AlbomsAndFotos.storyboard */,
			);
			path = Views;
			sourceTree = "<group>";
		};
		2D75516128BD24B000542D0A /* Controllers */ = {
			isa = PBXGroup;
			children = (
				2DBF35DC28BD2C6A009324CD /* ActionsCollection */,
				2DBF35DD28BD2C70009324CD /* ImageView */,
				2DE34BC128C677070046C0A1 /* UserAndDetail */,
				2DE34BC028C676F20046C0A1 /* PostsAndComments */,
				2DE34BBF28C676BD0046C0A1 /* AlbomsAndFotos */,
			);
			path = Controllers;
			sourceTree = "<group>";
		};
		2D75516228BD24B700542D0A /* Models */ = {
			isa = PBXGroup;
			children = (
				2DBF35E328BD415A009324CD /* Models.swift */,
			);
			path = Models;
			sourceTree = "<group>";
		};
		2DB7A9AA28C13060007BEEBC /* DetailUser */ = {
			isa = PBXGroup;
			children = (
				2DB7A9AB28C13091007BEEBC /* DetailUserVC.swift */,
			);
			path = DetailUser;
			sourceTree = "<group>";
		};
		2DB7A9AF28C1373E007BEEBC /* Posts */ = {
			isa = PBXGroup;
			children = (
				2DB7A9B028C1375B007BEEBC /* PostsTVC.swift */,
				2DE34BBB28C663350046C0A1 /* NewPostVC.swift */,
			);
			path = Posts;
			sourceTree = "<group>";
		};
		2DB7A9B228C138F8007BEEBC /* API */ = {
			isa = PBXGroup;
			children = (
				2DB7A9B428C1390B007BEEBC /* ApiConstants.swift */,
				2DE34BBD28C66C800046C0A1 /* NetworkService.swift */,
			);
			path = API;
			sourceTree = "<group>";
		};
		2DBF35DC28BD2C6A009324CD /* ActionsCollection */ = {
			isa = PBXGroup;
			children = (
				2DBF35D828BD27EC009324CD /* ActionsCollectionVC.swift */,
				2DBF35DA28BD2821009324CD /* ActionCollectionViewCell.swift */,
			);
			path = ActionsCollection;
			sourceTree = "<group>";
		};
		2DBF35DD28BD2C70009324CD /* ImageView */ = {
			isa = PBXGroup;
			children = (
				2DBF35DE28BD2C9A009324CD /* ImageVC.swift */,
			);
			path = ImageView;
			sourceTree = "<group>";
		};
		2DBF35E028BD3E79009324CD /* Users */ = {
			isa = PBXGroup;
			children = (
				2DBF35E128BD3E93009324CD /* UsersTVC.swift */,
			);
			path = Users;
			sourceTree = "<group>";
		};
		2DE34BB828C65D280046C0A1 /* Comments */ = {
			isa = PBXGroup;
			children = (
				2DE34BB928C65F4C0046C0A1 /* CommentsTVC.swift */,
			);
			path = Comments;
			sourceTree = "<group>";
		};
		2DE34BBF28C676BD0046C0A1 /* AlbomsAndFotos */ = {
			isa = PBXGroup;
			children = (
				2DE34BC428C6788D0046C0A1 /* AlbomsTVC.swift */,
				2DE34BC628C678A80046C0A1 /* PhotosCVC.swift */,
				2DE34BCA28C67D400046C0A1 /* PhotoCollectionViewCell.swift */,
				2DE34BC828C678BE0046C0A1 /* PhotoVC.swift */,
			);
			path = AlbomsAndFotos;
			sourceTree = "<group>";
		};
		2DE34BC028C676F20046C0A1 /* PostsAndComments */ = {
			isa = PBXGroup;
			children = (
				2DB7A9AF28C1373E007BEEBC /* Posts */,
				2DE34BB828C65D280046C0A1 /* Comments */,
			);
			path = PostsAndComments;
			sourceTree = "<group>";
		};
		2DE34BC128C677070046C0A1 /* UserAndDetail */ = {
			isa = PBXGroup;
			children = (
				2DBF35E028BD3E79009324CD /* Users */,
				2DB7A9AA28C13060007BEEBC /* DetailUser */,
			);
			path = UserAndDetail;
			sourceTree = "<group>";
		};
		2DE34BCC28C67F4F0046C0A1 /* Managers */ = {
			isa = PBXGroup;
			children = (
				2DE34BCD28C67F600046C0A1 /* CacheManager.swift */,
			);
			path = Managers;
			sourceTree = "<group>";
		};
		91A4C71311665F591DBCCF12 /* Pods */ = {
			isa = PBXGroup;
			children = (
				80EFB76B550DB57E9DC92CC1 /* Pods-NetworkAPICW.debug.xcconfig */,
				F216953A650FFBF39940EA27 /* Pods-NetworkAPICW.release.xcconfig */,
			);
			path = Pods;
			sourceTree = "<group>";
		};
		EFDD364E9A86B9246DFA1CE3 /* Frameworks */ = {
			isa = PBXGroup;
			children = (
				677EE3243CABF09DB023D9F4 /* Pods_NetworkAPICW.framework */,
			);
			name = Frameworks;
			sourceTree = "<group>";
		};
/* End PBXGroup section */

/* Begin PBXNativeTarget section */
		2D75514528BD246700542D0A /* NetworkAPICW */ = {
			isa = PBXNativeTarget;
			buildConfigurationList = 2D75515A28BD246800542D0A /* Build configuration list for PBXNativeTarget "NetworkAPICW" */;
			buildPhases = (
				6FB4E7D7AEB12DDE4A092FC9 /* [CP] Check Pods Manifest.lock */,
				2D75514228BD246700542D0A /* Sources */,
				2D75514328BD246700542D0A /* Frameworks */,
				2D75514428BD246700542D0A /* Resources */,
				3E7ED5C694827E194DEFC478 /* [CP] Embed Pods Frameworks */,
			);
			buildRules = (
			);
			dependencies = (
			);
			name = NetworkAPICW;
			packageProductDependencies = (
				2DE34BB328C65CC40046C0A1 /* Alamofire */,
				2DE34BB628C65CFB0046C0A1 /* AlamofireImage */,
			);
			productName = NetworkAPICW;
			productReference = 2D75514628BD246700542D0A /* NetworkAPICW.app */;
			productType = "com.apple.product-type.application";
		};
/* End PBXNativeTarget section */

/* Begin PBXProject section */
		2D75513E28BD246700542D0A /* Project object */ = {
			isa = PBXProject;
			attributes = {
				BuildIndependentTargetsInParallel = 1;
				LastSwiftUpdateCheck = 1340;
				LastUpgradeCheck = 1340;
				TargetAttributes = {
					2D75514528BD246700542D0A = {
						CreatedOnToolsVersion = 13.4.1;
					};
				};
			};
			buildConfigurationList = 2D75514128BD246700542D0A /* Build configuration list for PBXProject "NetworkAPICW" */;
			compatibilityVersion = "Xcode 13.0";
			developmentRegion = en;
			hasScannedForEncodings = 0;
			knownRegions = (
				en,
				Base,
			);
			mainGroup = 2D75513D28BD246700542D0A;
			packageReferences = (
				2DE34BB228C65CC40046C0A1 /* XCRemoteSwiftPackageReference "Alamofire" */,
				2DE34BB528C65CFB0046C0A1 /* XCRemoteSwiftPackageReference "AlamofireImage" */,
			);
			productRefGroup = 2D75514728BD246700542D0A /* Products */;
			projectDirPath = "";
			projectRoot = "";
			targets = (
				2D75514528BD246700542D0A /* NetworkAPICW */,
			);
		};
/* End PBXProject section */

/* Begin PBXResourcesBuildPhase section */
		2D75514428BD246700542D0A /* Resources */ = {
			isa = PBXResourcesBuildPhase;
			buildActionMask = 2147483647;
			files = (
				2D75515628BD246800542D0A /* LaunchScreen.storyboard in Resources */,
				2D75515328BD246800542D0A /* Assets.xcassets in Resources */,
				2DB7A9AE28C13680007BEEBC /* PostsAndComments.storyboard in Resources */,
				2DE34BC328C6772B0046C0A1 /* AlbomsAndFotos.storyboard in Resources */,
				2D75515128BD246700542D0A /* Main.storyboard in Resources */,
			);
			runOnlyForDeploymentPostprocessing = 0;
		};
/* End PBXResourcesBuildPhase section */

/* Begin PBXShellScriptBuildPhase section */
		3E7ED5C694827E194DEFC478 /* [CP] Embed Pods Frameworks */ = {
			isa = PBXShellScriptBuildPhase;
			buildActionMask = 2147483647;
			files = (
			);
			inputFileListPaths = (
				"${PODS_ROOT}/Target Support Files/Pods-NetworkAPICW/Pods-NetworkAPICW-frameworks-${CONFIGURATION}-input-files.xcfilelist",
			);
			name = "[CP] Embed Pods Frameworks";
			outputFileListPaths = (
				"${PODS_ROOT}/Target Support Files/Pods-NetworkAPICW/Pods-NetworkAPICW-frameworks-${CONFIGURATION}-output-files.xcfilelist",
			);
			runOnlyForDeploymentPostprocessing = 0;
			shellPath = /bin/sh;
			shellScript = "\"${PODS_ROOT}/Target Support Files/Pods-NetworkAPICW/Pods-NetworkAPICW-frameworks.sh\"\n";
			showEnvVarsInLog = 0;
		};
		6FB4E7D7AEB12DDE4A092FC9 /* [CP] Check Pods Manifest.lock */ = {
			isa = PBXShellScriptBuildPhase;
			buildActionMask = 2147483647;
			files = (
			);
			inputFileListPaths = (
			);
			inputPaths = (
				"${PODS_PODFILE_DIR_PATH}/Podfile.lock",
				"${PODS_ROOT}/Manifest.lock",
			);
			name = "[CP] Check Pods Manifest.lock";
			outputFileListPaths = (
			);
			outputPaths = (
				"$(DERIVED_FILE_DIR)/Pods-NetworkAPICW-checkManifestLockResult.txt",
			);
			runOnlyForDeploymentPostprocessing = 0;
			shellPath = /bin/sh;
			shellScript = "diff \"${PODS_PODFILE_DIR_PATH}/Podfile.lock\" \"${PODS_ROOT}/Manifest.lock\" > /dev/null\nif [ $? != 0 ] ; then\n    # print error to STDERR\n    echo \"error: The sandbox is not in sync with the Podfile.lock. Run 'pod install' or update your CocoaPods installation.\" >&2\n    exit 1\nfi\n# This output is used by Xcode 'outputs' to avoid re-running this script phase.\necho \"SUCCESS\" > \"${SCRIPT_OUTPUT_FILE_0}\"\n";
			showEnvVarsInLog = 0;
		};
/* End PBXShellScriptBuildPhase section */

/* Begin PBXSourcesBuildPhase section */
		2D75514228BD246700542D0A /* Sources */ = {
			isa = PBXSourcesBuildPhase;
			buildActionMask = 2147483647;
			files = (
				2DB7A9AC28C13091007BEEBC /* DetailUserVC.swift in Sources */,
				2DBF35D928BD27EC009324CD /* ActionsCollectionVC.swift in Sources */,
				2DB7A9B528C1390B007BEEBC /* ApiConstants.swift in Sources */,
				2D75514A28BD246700542D0A /* AppDelegate.swift in Sources */,
				2DE34BCB28C67D400046C0A1 /* PhotoCollectionViewCell.swift in Sources */,
				2DE34BBA28C65F4C0046C0A1 /* CommentsTVC.swift in Sources */,
				2DBF35E228BD3E93009324CD /* UsersTVC.swift in Sources */,
				2DBF35DF28BD2C9A009324CD /* ImageVC.swift in Sources */,
				2DE34BBC28C663350046C0A1 /* NewPostVC.swift in Sources */,
				2DE34BC928C678BE0046C0A1 /* PhotoVC.swift in Sources */,
				2DE34BCE28C67F600046C0A1 /* CacheManager.swift in Sources */,
				2DBF35DB28BD2821009324CD /* ActionCollectionViewCell.swift in Sources */,
				2DE34BC728C678A80046C0A1 /* PhotosCVC.swift in Sources */,
				2DB7A9B128C1375B007BEEBC /* PostsTVC.swift in Sources */,
				2D75514C28BD246700542D0A /* SceneDelegate.swift in Sources */,
				2DE34BBE28C66C800046C0A1 /* NetworkService.swift in Sources */,
				2DBF35E428BD415A009324CD /* Models.swift in Sources */,
				2DE34BC528C6788D0046C0A1 /* AlbomsTVC.swift in Sources */,
			);
			runOnlyForDeploymentPostprocessing = 0;
		};
/* End PBXSourcesBuildPhase section */

/* Begin PBXVariantGroup section */
		2D75514F28BD246700542D0A /* Main.storyboard */ = {
			isa = PBXVariantGroup;
			children = (
				2D75515028BD246700542D0A /* Base */,
			);
			name = Main.storyboard;
			sourceTree = "<group>";
		};
		2D75515428BD246800542D0A /* LaunchScreen.storyboard */ = {
			isa = PBXVariantGroup;
			children = (
				2D75515528BD246800542D0A /* Base */,
			);
			name = LaunchScreen.storyboard;
			sourceTree = "<group>";
		};
/* End PBXVariantGroup section */

/* Begin XCBuildConfiguration section */
		2D75515828BD246800542D0A /* Debug */ = {
			isa = XCBuildConfiguration;
			buildSettings = {
				ALWAYS_SEARCH_USER_PATHS = NO;
				CLANG_ANALYZER_NONNULL = YES;
				CLANG_ANALYZER_NUMBER_OBJECT_CONVERSION = YES_AGGRESSIVE;
				CLANG_CXX_LANGUAGE_STANDARD = "gnu++17";
				CLANG_ENABLE_MODULES = YES;
				CLANG_ENABLE_OBJC_ARC = YES;
				CLANG_ENABLE_OBJC_WEAK = YES;
				CLANG_WARN_BLOCK_CAPTURE_AUTORELEASING = YES;
				CLANG_WARN_BOOL_CONVERSION = YES;
				CLANG_WARN_COMMA = YES;
				CLANG_WARN_CONSTANT_CONVERSION = YES;
				CLANG_WARN_DEPRECATED_OBJC_IMPLEMENTATIONS = YES;
				CLANG_WARN_DIRECT_OBJC_ISA_USAGE = YES_ERROR;
				CLANG_WARN_DOCUMENTATION_COMMENTS = YES;
				CLANG_WARN_EMPTY_BODY = YES;
				CLANG_WARN_ENUM_CONVERSION = YES;
				CLANG_WARN_INFINITE_RECURSION = YES;
				CLANG_WARN_INT_CONVERSION = YES;
				CLANG_WARN_NON_LITERAL_NULL_CONVERSION = YES;
				CLANG_WARN_OBJC_IMPLICIT_RETAIN_SELF = YES;
				CLANG_WARN_OBJC_LITERAL_CONVERSION = YES;
				CLANG_WARN_OBJC_ROOT_CLASS = YES_ERROR;
				CLANG_WARN_QUOTED_INCLUDE_IN_FRAMEWORK_HEADER = YES;
				CLANG_WARN_RANGE_LOOP_ANALYSIS = YES;
				CLANG_WARN_STRICT_PROTOTYPES = YES;
				CLANG_WARN_SUSPICIOUS_MOVE = YES;
				CLANG_WARN_UNGUARDED_AVAILABILITY = YES_AGGRESSIVE;
				CLANG_WARN_UNREACHABLE_CODE = YES;
				CLANG_WARN__DUPLICATE_METHOD_MATCH = YES;
				COPY_PHASE_STRIP = NO;
				DEBUG_INFORMATION_FORMAT = dwarf;
				ENABLE_STRICT_OBJC_MSGSEND = YES;
				ENABLE_TESTABILITY = YES;
				GCC_C_LANGUAGE_STANDARD = gnu11;
				GCC_DYNAMIC_NO_PIC = NO;
				GCC_NO_COMMON_BLOCKS = YES;
				GCC_OPTIMIZATION_LEVEL = 0;
				GCC_PREPROCESSOR_DEFINITIONS = (
					"DEBUG=1",
					"$(inherited)",
				);
				GCC_WARN_64_TO_32_BIT_CONVERSION = YES;
				GCC_WARN_ABOUT_RETURN_TYPE = YES_ERROR;
				GCC_WARN_UNDECLARED_SELECTOR = YES;
				GCC_WARN_UNINITIALIZED_AUTOS = YES_AGGRESSIVE;
				GCC_WARN_UNUSED_FUNCTION = YES;
				GCC_WARN_UNUSED_VARIABLE = YES;
				IPHONEOS_DEPLOYMENT_TARGET = 15.5;
				MTL_ENABLE_DEBUG_INFO = INCLUDE_SOURCE;
				MTL_FAST_MATH = YES;
				ONLY_ACTIVE_ARCH = YES;
				SDKROOT = iphoneos;
				SWIFT_ACTIVE_COMPILATION_CONDITIONS = DEBUG;
				SWIFT_OPTIMIZATION_LEVEL = "-Onone";
			};
			name = Debug;
		};
		2D75515928BD246800542D0A /* Release */ = {
			isa = XCBuildConfiguration;
			buildSettings = {
				ALWAYS_SEARCH_USER_PATHS = NO;
				CLANG_ANALYZER_NONNULL = YES;
				CLANG_ANALYZER_NUMBER_OBJECT_CONVERSION = YES_AGGRESSIVE;
				CLANG_CXX_LANGUAGE_STANDARD = "gnu++17";
				CLANG_ENABLE_MODULES = YES;
				CLANG_ENABLE_OBJC_ARC = YES;
				CLANG_ENABLE_OBJC_WEAK = YES;
				CLANG_WARN_BLOCK_CAPTURE_AUTORELEASING = YES;
				CLANG_WARN_BOOL_CONVERSION = YES;
				CLANG_WARN_COMMA = YES;
				CLANG_WARN_CONSTANT_CONVERSION = YES;
				CLANG_WARN_DEPRECATED_OBJC_IMPLEMENTATIONS = YES;
				CLANG_WARN_DIRECT_OBJC_ISA_USAGE = YES_ERROR;
				CLANG_WARN_DOCUMENTATION_COMMENTS = YES;
				CLANG_WARN_EMPTY_BODY = YES;
				CLANG_WARN_ENUM_CONVERSION = YES;
				CLANG_WARN_INFINITE_RECURSION = YES;
				CLANG_WARN_INT_CONVERSION = YES;
				CLANG_WARN_NON_LITERAL_NULL_CONVERSION = YES;
				CLANG_WARN_OBJC_IMPLICIT_RETAIN_SELF = YES;
				CLANG_WARN_OBJC_LITERAL_CONVERSION = YES;
				CLANG_WARN_OBJC_ROOT_CLASS = YES_ERROR;
				CLANG_WARN_QUOTED_INCLUDE_IN_FRAMEWORK_HEADER = YES;
				CLANG_WARN_RANGE_LOOP_ANALYSIS = YES;
				CLANG_WARN_STRICT_PROTOTYPES = YES;
				CLANG_WARN_SUSPICIOUS_MOVE = YES;
				CLANG_WARN_UNGUARDED_AVAILABILITY = YES_AGGRESSIVE;
				CLANG_WARN_UNREACHABLE_CODE = YES;
				CLANG_WARN__DUPLICATE_METHOD_MATCH = YES;
				COPY_PHASE_STRIP = NO;
				DEBUG_INFORMATION_FORMAT = "dwarf-with-dsym";
				ENABLE_NS_ASSERTIONS = NO;
				ENABLE_STRICT_OBJC_MSGSEND = YES;
				GCC_C_LANGUAGE_STANDARD = gnu11;
				GCC_NO_COMMON_BLOCKS = YES;
				GCC_WARN_64_TO_32_BIT_CONVERSION = YES;
				GCC_WARN_ABOUT_RETURN_TYPE = YES_ERROR;
				GCC_WARN_UNDECLARED_SELECTOR = YES;
				GCC_WARN_UNINITIALIZED_AUTOS = YES_AGGRESSIVE;
				GCC_WARN_UNUSED_FUNCTION = YES;
				GCC_WARN_UNUSED_VARIABLE = YES;
				IPHONEOS_DEPLOYMENT_TARGET = 15.5;
				MTL_ENABLE_DEBUG_INFO = NO;
				MTL_FAST_MATH = YES;
				SDKROOT = iphoneos;
				SWIFT_COMPILATION_MODE = wholemodule;
				SWIFT_OPTIMIZATION_LEVEL = "-O";
				VALIDATE_PRODUCT = YES;
			};
			name = Release;
		};
		2D75515B28BD246800542D0A /* Debug */ = {
			isa = XCBuildConfiguration;
			baseConfigurationReference = 80EFB76B550DB57E9DC92CC1 /* Pods-NetworkAPICW.debug.xcconfig */;
			buildSettings = {
				ASSETCATALOG_COMPILER_APPICON_NAME = AppIcon;
				ASSETCATALOG_COMPILER_GLOBAL_ACCENT_COLOR_NAME = AccentColor;
				CODE_SIGN_STYLE = Automatic;
				CURRENT_PROJECT_VERSION = 1;
				DEVELOPMENT_TEAM = 7YF6HND7PM;
				GENERATE_INFOPLIST_FILE = YES;
				INFOPLIST_FILE = NetworkAPICW/Info.plist;
				INFOPLIST_KEY_UIApplicationSupportsIndirectInputEvents = YES;
				INFOPLIST_KEY_UILaunchStoryboardName = LaunchScreen;
				INFOPLIST_KEY_UIMainStoryboardFile = Main;
				INFOPLIST_KEY_UISupportedInterfaceOrientations_iPad = "UIInterfaceOrientationPortrait UIInterfaceOrientationPortraitUpsideDown UIInterfaceOrientationLandscapeLeft UIInterfaceOrientationLandscapeRight";
				INFOPLIST_KEY_UISupportedInterfaceOrientations_iPhone = "UIInterfaceOrientationPortrait UIInterfaceOrientationLandscapeLeft UIInterfaceOrientationLandscapeRight";
				LD_RUNPATH_SEARCH_PATHS = (
					"$(inherited)",
					"@executable_path/Frameworks",
				);
				MARKETING_VERSION = 1.0;
				PRODUCT_BUNDLE_IDENTIFIER = by.tms.NetworkAPICW;
				PRODUCT_NAME = "$(TARGET_NAME)";
				SWIFT_EMIT_LOC_STRINGS = YES;
				SWIFT_VERSION = 5.0;
				TARGETED_DEVICE_FAMILY = "1,2";
			};
			name = Debug;
		};
		2D75515C28BD246800542D0A /* Release */ = {
			isa = XCBuildConfiguration;
			baseConfigurationReference = F216953A650FFBF39940EA27 /* Pods-NetworkAPICW.release.xcconfig */;
			buildSettings = {
				ASSETCATALOG_COMPILER_APPICON_NAME = AppIcon;
				ASSETCATALOG_COMPILER_GLOBAL_ACCENT_COLOR_NAME = AccentColor;
				CODE_SIGN_STYLE = Automatic;
				CURRENT_PROJECT_VERSION = 1;
				DEVELOPMENT_TEAM = 7YF6HND7PM;
				GENERATE_INFOPLIST_FILE = YES;
				INFOPLIST_FILE = NetworkAPICW/Info.plist;
				INFOPLIST_KEY_UIApplicationSupportsIndirectInputEvents = YES;
				INFOPLIST_KEY_UILaunchStoryboardName = LaunchScreen;
				INFOPLIST_KEY_UIMainStoryboardFile = Main;
				INFOPLIST_KEY_UISupportedInterfaceOrientations_iPad = "UIInterfaceOrientationPortrait UIInterfaceOrientationPortraitUpsideDown UIInterfaceOrientationLandscapeLeft UIInterfaceOrientationLandscapeRight";
				INFOPLIST_KEY_UISupportedInterfaceOrientations_iPhone = "UIInterfaceOrientationPortrait UIInterfaceOrientationLandscapeLeft UIInterfaceOrientationLandscapeRight";
				LD_RUNPATH_SEARCH_PATHS = (
					"$(inherited)",
					"@executable_path/Frameworks",
				);
				MARKETING_VERSION = 1.0;
				PRODUCT_BUNDLE_IDENTIFIER = by.tms.NetworkAPICW;
				PRODUCT_NAME = "$(TARGET_NAME)";
				SWIFT_EMIT_LOC_STRINGS = YES;
				SWIFT_VERSION = 5.0;
				TARGETED_DEVICE_FAMILY = "1,2";
			};
			name = Release;
		};
/* End XCBuildConfiguration section */

/* Begin XCConfigurationList section */
		2D75514128BD246700542D0A /* Build configuration list for PBXProject "NetworkAPICW" */ = {
			isa = XCConfigurationList;
			buildConfigurations = (
				2D75515828BD246800542D0A /* Debug */,
				2D75515928BD246800542D0A /* Release */,
			);
			defaultConfigurationIsVisible = 0;
			defaultConfigurationName = Release;
		};
		2D75515A28BD246800542D0A /* Build configuration list for PBXNativeTarget "NetworkAPICW" */ = {
			isa = XCConfigurationList;
			buildConfigurations = (
				2D75515B28BD246800542D0A /* Debug */,
				2D75515C28BD246800542D0A /* Release */,
			);
			defaultConfigurationIsVisible = 0;
			defaultConfigurationName = Release;
		};
/* End XCConfigurationList section */

/* Begin XCRemoteSwiftPackageReference section */
		2DE34BB228C65CC40046C0A1 /* XCRemoteSwiftPackageReference "Alamofire" */ = {
			isa = XCRemoteSwiftPackageReference;
			repositoryURL = "https://github.com/Alamofire/Alamofire.git";
			requirement = {
				kind = upToNextMajorVersion;
				minimumVersion = 5.0.0;
			};
		};
		2DE34BB528C65CFB0046C0A1 /* XCRemoteSwiftPackageReference "AlamofireImage" */ = {
			isa = XCRemoteSwiftPackageReference;
			repositoryURL = "https://github.com/Alamofire/AlamofireImage.git";
			requirement = {
				kind = upToNextMajorVersion;
				minimumVersion = 4.0.0;
			};
		};
/* End XCRemoteSwiftPackageReference section */

/* Begin XCSwiftPackageProductDependency section */
		2DE34BB328C65CC40046C0A1 /* Alamofire */ = {
			isa = XCSwiftPackageProductDependency;
			package = 2DE34BB228C65CC40046C0A1 /* XCRemoteSwiftPackageReference "Alamofire" */;
			productName = Alamofire;
		};
		2DE34BB628C65CFB0046C0A1 /* AlamofireImage */ = {
			isa = XCSwiftPackageProductDependency;
			package = 2DE34BB528C65CFB0046C0A1 /* XCRemoteSwiftPackageReference "AlamofireImage" */;
			productName = AlamofireImage;
		};
/* End XCSwiftPackageProductDependency section */
	};
	rootObject = 2D75513E28BD246700542D0A /* Project object */;
}
